{
  "name": "@demo/solo-trailing-slash",
  "version": "1.0.0",
  "lockfileVersion": 3,
  "requires": true,
  "packages": {
    "": {
      "name": "@demo/solo-trailing-slash",
      "version": "1.0.0",
      "dependencies": {
        "@demo/solo-trailing-slash": "file:",
        "dotenv": "^9.0.2"
      }
    },
    "node_modules/@demo/solo-trailing-slash": {
      "resolved": "",
      "link": true
    },
    "node_modules/dotenv": {
      "version": "9.0.2",
      "resolved": "https://registry.npmjs.org/dotenv/-/dotenv-9.0.2.tgz",
      "integrity": "sha512-I9OvvrHp4pIARv4+x9iuewrWycX6CcZtoAu1XrzPxc5UygMJXJZYmBsynku8IkrJwgypE5DGNjDPmPRhDCptUg==",
      "engines": {
        "node": ">=10"
      }
    }
  }
}
