# This file is machine-generated by `gh actions-lock`.
# Do not edit by hand; run `gh actions-lock` to update.
# Docs: https://gh.io/actions-lockfile
version: 'v0.0.2'
workflows:
    '.github/workflows/ci.yml':
        - 'actions/checkout@v4.3.1'
        - 'actions/setup-go@v5.6.0'
    '.github/workflows/dependency-review.yml':
        - 'actions/checkout@v4.3.1'
        - 'actions/dependency-review-action@v4.9.0'
    '.github/workflows/release.yml':
        - 'actions/checkout@v6.0.2'
dependencies:
    'actions/checkout@v4.3.1':
        ref: 'v4.3.1'
        commit: 'sha1-34e114876b0b11c390a56381ad16ebd13914f8d5'
        owner_id: 44036562
        repo_id: 197814629
    'actions/checkout@v6.0.2':
        ref: 'v6.0.2'
        commit: 'sha1-de0fac2e4500dabe0009e67214ff5f5447ce83dd'
        owner_id: 44036562
        repo_id: 197814629
    'actions/dependency-review-action@v4.9.0':
        ref: 'v4.9.0'
        commit: 'sha1-2031cfc080254a8a887f58cffee85186f0e49e48'
        owner_id: 44036562
        repo_id: 476372928
    'actions/setup-go@v5.6.0':
        ref: 'v5.6.0'
        commit: 'sha1-40f1582b2485089dde7abd97c1529aa768e1baff'
        owner_id: 44036562
        repo_id: 192624594
