# Github Lock App configuration
# https://github.com/apps/lock

# Do not comment on very old issues / prs
lockComment: false

# Only process issues / prs older than 2 years
daysUntilLock: 730

# Assign `resolved` as the reason for locking.
setLockReason: true

# other config
skipCreatedBefore: false
lockLabel: false
