[requirements]
requirements = [
    "package-one",
    "package-two~=2.0.0",
    "Package-three!=1.1",
    "package-four>=4.9.0",
    "package-five<5",
    "package-six[extra]==9.1.1"
]

[pinned]
package-one = "1.0.0"
package-two = "2.0.8"
package-three = "1.2"
package-four = "4.9.2"
package-five = "4.8.post3"
package-six = "9.1.1"
