{
  "nodes": {
    "ijq": {
      "flake": false,
      "locked": {
        "lastModified": 1723569650,
        "narHash": "sha256-Ho/sAhEUeSug52JALgjrKVUPCBe8+PovbJj/lniKxp8=",
        "owner": "~gpanders",
        "repo": "ijq",
        "rev": "88f0d9ae98942bf49cba302c42b2a0f6e05f9b58",
        "type": "sourcehut"
      },
      "original": {
        "owner": "~gpanders",
        "repo": "ijq",
        "type": "sourcehut"
      }
    },
    "root": {
      "inputs": {
        "ijq": "ijq"
      }
    }
  },
  "root": "root",
  "version": 7
}
