{
  "nodes": {
    "nixpkgs": {
      "locked": {
        "lastModified": 1672057183,
        "narHash": "sha256-GN7/10DNNvs1FPj9tlZA2qgNdFuYKKuS3qlHTqAxasQ=",
        "owner": "NixOS",
        "repo": "nixpkgs",
        "rev": "b139e44d78c36c69bcbb825b20dbfa51e7738347",
        "type": "github"
      },
      "original": {
        "id": "nixpkgs",
        "ref": "nixpkgs-unstable",
        "type": "indirect"
      }
    },
    "patchelf": {
      "inputs": {
        "nixpkgs": "nixpkgs"
      },
      "locked": {
        "lastModified": 1718457448,
        "narHash": "sha256-FSoxTcRZMGHNJh8dNtKOkcUtjhmhU6yQXcZZfUPLhQM=",
        "ref": "refs/heads/master",
        "rev": "a0f54334df36770b335c051e540ba40afcbf8378",
        "revCount": 844,
        "type": "git",
        "url": "https://github.com/NixOS/patchelf.git"
      },
      "original": {
        "type": "git",
        "url": "https://github.com/NixOS/patchelf.git"
      }
    },
    "root": {
      "inputs": {
        "patchelf": "patchelf"
      }
    }
  },
  "root": "root",
  "version": 7
}
