{
  "nodes": {
    "data-mesher": {
      "inputs": {
        "flake-parts": "flake-parts",
        "nixpkgs": "nixpkgs",
        "treefmt-nix": "treefmt-nix"
      },
      "locked": {
        "lastModified": 1727355895,
        "narHash": "sha256-grZIaLgk5GgoDuTt49RTCLBh458H4YJdIAU4B3onXRw=",
        "rev": "c7e39452affcc0f89e023091524e38b3aaf109e9",
        "type": "tarball",
        "url": "https://git.clan.lol/api/v1/repos/clan/data-mesher/archive/c7e39452affcc0f89e023091524e38b3aaf109e9.tar.gz"
      },
      "original": {
        "type": "tarball",
        "url": "https://git.clan.lol/clan/data-mesher/archive/main.tar.gz"
      }
    },
    "flake-parts": {
      "inputs": {
        "nixpkgs-lib": [
          "data-mesher",
          "nixpkgs"
        ]
      },
      "locked": {
        "lastModified": 1726153070,
        "narHash": "sha256-HO4zgY0ekfwO5bX0QH/3kJ/h4KvUDFZg8YpkNwIbg1U=",
        "owner": "hercules-ci",
        "repo": "flake-parts",
        "rev": "bcef6817a8b2aa20a5a6dbb19b43e63c5bf8619a",
        "type": "github"
      },
      "original": {
        "owner": "hercules-ci",
        "repo": "flake-parts",
        "type": "github"
      }
    },
    "nixpkgs": {
      "locked": {
        "lastModified": 1726871744,
        "narHash": "sha256-V5LpfdHyQkUF7RfOaDPrZDP+oqz88lTJrMT1+stXNwo=",
        "owner": "NixOS",
        "repo": "nixpkgs",
        "rev": "a1d92660c6b3b7c26fb883500a80ea9d33321be2",
        "type": "github"
      },
      "original": {
        "owner": "NixOS",
        "ref": "nixpkgs-unstable",
        "repo": "nixpkgs",
        "type": "github"
      }
    },
    "root": {
      "inputs": {
        "data-mesher": "data-mesher"
      }
    },
    "treefmt-nix": {
      "inputs": {
        "nixpkgs": [
          "data-mesher",
          "nixpkgs"
        ]
      },
      "locked": {
        "lastModified": 1726734507,
        "narHash": "sha256-VUH5O5AcOSxb0uL/m34dDkxFKP6WLQ6y4I1B4+N3L2w=",
        "owner": "numtide",
        "repo": "treefmt-nix",
        "rev": "ee41a466c2255a3abe6bc50fc6be927cdee57a9f",
        "type": "github"
      },
      "original": {
        "owner": "numtide",
        "repo": "treefmt-nix",
        "type": "github"
      }
    }
  },
  "root": "root",
  "version": 7
}
