{
  "nodes": {
    "nixpkgs": {
      "locked": {
        "lastModified": 1728650607,
        "narHash": "sha256-0lOnVTzRXzpk5uxbHLm3Ti3tyPAvirAIQDfwEUd8arg=",
        "owner": "NixOS",
        "repo": "nixpkgs",
        "rev": "612ee628421ba2c1abca4c99684862f76cb3b089",
        "type": "github"
      },
      "original": {
        "owner": "NixOS",
        "repo": "nixpkgs",
        "type": "github"
      }
    },
    "root": {
      "inputs": {
        "nixpkgs": "nixpkgs"
      }
    }
  },
  "root": "root",
  "version": 7
}
