lockfileVersion: '6.0'

dependencies:
  xmldoc:
    specifier: 1.1.0
    version: 1.1.0

packages:

  /sax@1.2.4:
    resolution: {integrity: sha512-NqVDv9TpANUjFm0N8uM5GxL36UgKi9/atZw+x7YFnQ8ckwFGKrl4xX4yWtrey3UJm5nP1kUbnYgLopqWNSRhWw==}
    dev: false

  /xmldoc@1.1.0:
    resolution: {integrity: sha512-5CEmEtW6IeVMEHSIxchhwpwJKnpFFsCOl9J3R2trVPcMsT7loE7jwT/q1Zwzlk3MetuiyCAdpA699gq0E4fgdw==}
    dependencies:
      sax: 1.2.4
    dev: false

  /sux-1.2.4: #invlaid
    resolution: {integrity: sha512-NqVDv9TpANUjFm0N8uM5GxL36UgKi9/atZw+x7YFnQ8ckwFGKrl4xX4yWtrey3UJm5nP1kUbnYgLopqWNSRhWw==}
    dev: false
    
