# This file is generated by running "yarn install" inside your project.
# Manual changes might be lost - proceed with caution!

__metadata:
  version: 7
  cacheKey: 9

"@actions/core@npm:^1.2.6":
  version: 1.2.6
  resolution: "@actions/core@npm:1.2.6"
  checksum: 034e57fcb5f944d5fb0ef55be1b212dd88e23d1a50aaffda874cb94e8f4bfa633a66f108f26e81a7cce287cd2b349aa88c97d2023135c8879495326db37a7feb
  languageName: node
  linkType: hard

"@algolia/autocomplete-core@npm:1.7.1":
  version: 1.7.1
  resolution: "@algolia/autocomplete-core@npm:1.7.1"
  dependencies:
    "@algolia/autocomplete-shared": "npm:1.7.1"
  checksum: db772275618c3844b411a66195403f2b118758b52b94fd292fef9569b3e1d90ee1bfdee7473a90e114e8ee58e867fa197f011721ebc704ed3cd253b2edcc78e4
  languageName: node
  linkType: hard

"@algolia/autocomplete-preset-algolia@npm:1.7.1":
  version: 1.7.1
  resolution: "@algolia/autocomplete-preset-algolia@npm:1.7.1"
  dependencies:
    "@algolia/autocomplete-shared": "npm:1.7.1"
  peerDependencies:
    "@algolia/client-search": ^4.9.1
    algoliasearch: ^4.9.1
  checksum: b110379b1bf49a230a35cbf167c858d480f196480474ef954a64e822c46e5e2a39eae2440a2c1c5f6beb96f51f8a5c75ba05586defa611a4cf32b4208ad29ce2
  languageName: node
  linkType: hard

"@strictsoftware/typedoc-plugin-monorepo@patch:@strictsoftware/typedoc-plugin-monorepo@^0.2.2#./.patches/@strictsoftware/typedoc-plugin-monorepo.patch::locator=%40yarnpkg%2Fgatsby%40workspace%3Apackages%2Fgatsby":
  version: 0.2.2
  resolution: "@strictsoftware/typedoc-plugin-monorepo@patch:@strictsoftware/typedoc-plugin-monorepo@npm%3A0.2.2#./.patches/@strictsoftware/typedoc-plugin-monorepo.patch::version=0.2.2&hash=dc07b1&locator=%40yarnpkg%2Fgatsby%40workspace%3Apackages%2Fgatsby"
  dependencies:
    highlight.js: "npm:^9.15.6"
    marked: "npm:^0.8.0"
  peerDependencies:
    typedoc: ">=0.8 <1.0"
  checksum: 25b9eb5ad9e5028c7cf320ab6c458af535ed2ec3e1bdfd7d71daf1f8cb33ae684823064a889a63695db4686c2830bd118f792282b82d31e579c4a1e495ce473a
  languageName: node
  linkType: hard
