{"1.2.0",
[{<<"cowboy">>,{pkg,<<"cowboy">>,<<"2.13.0">>},0},
 {<<"cowlib">>,{pkg,<<"cowlib">>,<<"2.13.0">>},0},
 {<<"hackney">>,{pkg,<<"hackney">>,<<"1.20.1">>},0},
 {<<"jiffy">>,
  {git,"https://github.com/davisp/jiffy.git",
       {ref,"a7db72493d2288533afbb8a95db43eadc9e7de12"}},
  0},
 {<<"meck">>,{pkg,<<"meck">>,<<"0.9.2">>},0},
 {<<"nova">>,
  {git,"https://github.com/novaframework/nova.git",
       {ref,"abc123def456"}},
  0},
 {<<"pgo">>,{pkg,<<"pgo_fork">>,<<"0.20.0">>},0},
 {<<"proper">>,{pkg,<<"proper">>,<<"1.4.0">>},0},
 {<<"ranch">>,{pkg,<<"ranch">>,<<"2.1.0">>},0},
 {<<"sub_app">>,
  {git,"https://github.com/org/monorepo.git",
       {ref,"deadbeef"}},
  0},
 {<<"sumo_db">>,
  {git,"git://github.com/inaka/sumo_db.git",
       {ref,"fedcba9876543210"}},
  0},
 {<<"telemetry">>,{pkg,<<"my_telemetry">>,<<"1.3.0">>},0},
 {<<"thoas">>,{pkg,<<"thoas">>,<<"1.2.1">>},0}]}.
[
{pkg_hash,[
 {<<"cowboy">>, <<"09D770DD5F6A22CC60C071F432CD7CB87776164527F205C5A6B0F24FF6B38990">>},
 {<<"cowlib">>, <<"DB8F7505D8332D98EF50A3EF34B34C1AFDDEC7506E4EE4DD4A3A266285D282CA">>},
 {<<"hackney">>, <<"8D97AEC62DDDDD757D128BFD1DF6C5861093419F8F7A4223823537BAD5D064E2">>},
 {<<"meck">>, <<"FBBBA2BCB2D6144AFCE4C1ACCA2410EC6BBEF1975EA600A2C250C0A6E5709C51">>},
 {<<"pgo">>, <<"4F4A1FCB0A4894311BE238195BDAD4DF80312AB091DB87FE5348FAFA4DA75F87">>},
 {<<"proper">>, <<"0E93CBDC44A52B23A1D4F5D5E5C0F51E0F70C9CB6F31C2E1A7A45B8E7DDCA40E">>},
 {<<"ranch">>, <<"2261F9ED9574DCFCC444106B9F6DA155E6E540B2F82BA3D42B339B93673B72A3">>},
 {<<"telemetry">>, <<"FEDEBBAE410D715CF8E7062C96A1EF32EC22E764197F70CDA73D82778D61E7A2">>},
 {<<"thoas">>, <<"19A25F31177A17E74004D4840F66D791D4298C5738790FA2CC73731EB911F195">>}]},
{pkg_hash_ext,[
 {<<"cowboy">>, <<"E724D3A70995025D654C1992C7B11DBFEA95205C047D86FF9BF1CDA92DDC5614">>},
 {<<"cowlib">>, <<"E1E1284DC3FC030A64B1AD0D8382AE7E99DA46C3246B815318A4B848873800A4">>},
 {<<"hackney">>, <<"FE9094E5F1A2A2C0A7D10918FEE36BFEC0EC2A979994CFF8CFE8058CD9AF38E3">>},
 {<<"meck">>, <<"AAE3EEA1D8FD86CB57B7F2ACA57C3CF9C644E2DCC34B3FB87C0AAAB4EB8C95D1">>},
 {<<"pgo">>, <<"2F11E6649CEB38E569EF56B16BE1D04874AE5B11A02867080A2817CE423C683B">>},
 {<<"proper">>, <<"F74E3AE5C2ADC87E71C0C95C0C09F42A27A95BB3C2B00F1F47A5B7F7F1BCE2D1">>},
 {<<"ranch">>, <<"244EE3FA2A6175270D8E1FC59024FD9DBC76294A321057DE8F803B1479E76916">>},
 {<<"telemetry">>, <<"7015FC8919DBE63764F4B4B87A95B7C0996BD539E0D499BE6EC9D7F3875B79E6">>},
 {<<"thoas">>, <<"E38697EDFFD6E91BD12CEA41B155115282630075C2A727E7A6B2947F5408B86A">>}]}
].
