version: 0.150.0
dependencies:
- name: backstage
  repository: https://backstage.github.io/charts
  version: 0.11.0
- name: oauth2-proxy
  repository: https://oauth2-proxy.github.io/manifests
  version: 6.2.1
digest: sha256:98c605fc3de51960ad1eb022f01dfae3bb0a1a06549e56fa39ec86db2a9a072d
generated: "2023-01-23T12:13:46.487247+01:00"
