{
  "version": "5",
  "specifiers": {
    "npm:hono@^4.2.1": "4.9.5"
  },
  "npm": {
    "hono@4.9.5": {
      "integrity": "sha512-aLAVl5/67ifNnoFVxnhR89dpmSLsgwBprw/PT671ASwUpJqmd7Ne8KPTQo37DbRZfgpHaHeZ4bPVUvbOkeedMw=="
    }
  },
  "workspace": {
    "members": {
      "node": {
        "packageJson": {
          "dependencies": [
            "npm:hono@^4.2.1"
          ]
        }
      }
    }
  }
}
