{
  "name": "parent",
  "version": "1.0.0",
  "lockfileVersion": 3,
  "requires": true,
  "packages": {
    "": {
      "name": "parent",
      "version": "1.0.0",
      "dependencies": {
        "parent": "file:"
      },
      "engines": {
        "pnpm": "=6.15.0"
      }
    },
    "node_modules/parent": {
      "resolved": "",
      "link": true
    }
  }
}
