GIT
  remote: https://github.com/rafaelfranca/queue_classic.git
  revision: dee64b361355d56700ad7aa3b151bf653a617526
  branch: update-pg
  specs:
    queue_classic (3.2.0.RC1)
      pg (>= 0.17, < 2.0)

GIT
  remote: https://github.com/rails/webpacker.git
  revision: bb132d591da35095e3246082cba3d693f847e0b5
  specs:
    webpacker (4.0.0.pre.3)
      rack-proxy (>= 0.6.1)

PATH
  remote: .
  specs:
    rails (6.0.0.alpha)
      activesupport (= 6.0.0.alpha)

GEM
  remote: https://rubygems.org/
  specs:
    activerecord-jdbc-adapter (52.1-java)
    activerecord-jdbcsqlite3-adapter (52.1-java)
      activerecord-jdbc-adapter (= 52.1)
    azure-core (0.1.14)
    azure-storage (0.15.0.preview)
      azure-core (~> 0.1)
      nokogiri (~> 1.6, >= 1.6.8)
    listen (3.1.5)
    nokogiri (1.9.1)
    nokogiri (1.9.1-java)
    nokogiri (1.9.1-x64-mingw32)
    pg (1.1.3)
    rake (12.3.1)
    redcarpet (3.2.3)

PLATFORMS
  java
  ruby
  x64-mingw32

DEPENDENCIES
  activerecord-jdbcsqlite3-adapter (>= 1.3.0)
  azure-storage
  listen (>= 3.0.5, < 3.2)
  nokogiri (>= 1.8.1)
  pg (>= 0.18.0)
  queue_classic!
  rails!
  rake (>= 11.1)
  redcarpet (~> 3.2.3)
  webpacker!

BUNDLED WITH
   1.17.2
