GEM
  remote: https://rubygems.org/
  specs:
    activejob (5.2.3)
      activesupport (= 5.2.3)
    activesupport (5.2.3)
    foreman (0.86.0)
    pg (1.2.1)
    puma (4.3.1)
    rails (5.2.3)
      activejob (= 5.2.3)
      activesupport (= 5.2.3)
    sass-rails (5.1.0)
    sqlite3 (1.4.2)
    sqreen (1.17.0)

PLATFORMS
  ruby

DEPENDENCIES
  foreman
  pg
  puma
  rails (~> 5.2.1)
  sass-rails (~> 5.0)
  sqlite3
  sqreen (< 1.17.2)

RUBY VERSION
   ruby 2.6.5p114

BUNDLED WITH
   2.0.2
