PATH
  remote: .
  specs:
    webpacker (4.2.2)
      activesupport (>= 4.2)
      rack-proxy (>= 0.6.1)
      railties (>= 4.2)

GEM
  remote: https://rubygems.org/
  specs:
    byebug (11.0.1)
    concurrent-ruby (1.1.5)
    minitest (5.13.0)
    rack (2.0.8)
    rack-proxy (0.6.5)
      rack
    rails (6.0.1)
      railties (= 6.0.1)
    railties (6.0.1)
      rake (>= 0.8.7)
    rake (13.0.0)

PLATFORMS
  ruby

DEPENDENCIES
  byebug
  minitest (~> 5.0)
  rack-proxy
  rails
  rake (>= 11.1)
  webpacker!

BUNDLED WITH
   1.17.3
