{
  "name": "update-lockfile-massage-2",
  "version": "1.0.0",
  "lockfileVersion": 3,
  "requires": true,
  "packages": {
    "": {
      "name": "update-lockfile-massage-2",
      "version": "1.0.0",
      "dependencies": {
        "vue": "^3.3.10"
      },
      "devDependencies": {
        "@vue/test-utils": "^2.4.3"
      }
    },
    "node_modules/@vue/server-renderer": {
      "version": "3.5.39",
      "resolved": "https://registry.npmjs.org/@vue/server-renderer/-/server-renderer-3.5.39.tgz",
      "integrity": "sha512-yZSakiAGw85rZfG7UM8akMnIF+FmeiNk47uvHf2nVBBSe+dIKUhZuZq9+XgJhbV3nS5Z4ALH23/MpXofW+mbcw==",
      "dependencies": {
        "@vue/shared": "3.5.39"
      },
      "peerDependencies": {
        "vue": "3.5.39"
      }
    },
    "node_modules/@vue/shared": {
      "version": "3.5.39",
      "resolved": "https://registry.npmjs.org/@vue/shared/-/shared-3.5.39.tgz",
      "integrity": "sha512-l1rrBtBfTnmxvtsvdQDXltUUy8S1Y+ZaqdfUzmAnJkTd8Z8rv5v/ytW+TKiqEOWyHPoqtPlNFSs0lhRmYVSHVA=="
    },
    "node_modules/@vue/test-utils": {
      "version": "2.4.11",
      "resolved": "https://registry.npmjs.org/@vue/test-utils/-/test-utils-2.4.11.tgz",
      "integrity": "sha512-GDqaqZsA6m2E5vNzej0aYiIb6BX8xV9pNSbbbXKOfEYwg7ZNblVX8suyqmUBThq8VIrgAJNxn+z72hVtUeiWHA==",
      "dev": true,
      "peerDependencies": {
        "@vue/server-renderer": "3.x",
        "vue": "3.x"
      },
      "peerDependenciesMeta": {
        "@vue/server-renderer": {
          "optional": true
        }
      }
    },
    "node_modules/vue": {
      "version": "3.5.39",
      "resolved": "https://registry.npmjs.org/vue/-/vue-3.5.39.tgz",
      "integrity": "sha512-xmZCYabFGcirU8r0fTuvl/LICc1OU620rnqepaJDL/a141ZigkG7AyaxQLdqJ02ZRYzWe6YPaDHeQx7MfknQfA==",
      "dependencies": {
        "@vue/server-renderer": "3.5.39",
        "@vue/shared": "3.5.39"
      }
    }
  }
}
