# This file is automatically @generated by Cargo.
# It is not intended for manual editing.

[[package]]
name = "foo"
version = "1.1.0"
source = "registry+https://github.com/rust-lang/crates.io-index"
checksum = "d468802bab17cbc0cc575e9b053f41e72aa36bfa6b7f55e3529ffa43161b97fa"

[[package]]
name = "bar"
version = "7.0.1"
dependencies = [
 "foo",
]
