name: lock-threads

on:
  # run daily
  schedule:
    - cron: '0 0 * * *'

  # allow manual trigger
  workflow_dispatch:

permissions:
  issues: write
  pull-requests: write

# Ensure only one lock action can run at a time
concurrency:
  group: lock

jobs:
  lock:
    runs-on: ubuntu-latest
    steps:
      - uses: dessant/lock-threads@c1b35aecc5cdb1a34539d14196df55838bb2f836 # v4.0.0
        if: github.repository == 'renovatebot/renovate'
        with:
          github-token: ${{ github.token }}
          issue-inactive-days: 30
          pr-inactive-days: 30
